// !$*UTF8*$!
{
	archiveVersion = 1;
	classes = {
	};
	objectVersion = 50;
	objects = {

/* Begin PBXBuildFile section */
		9284E73525FAC9D6003E10AD /* AppDelegate.swift in Sources */ = {isa = PBXBuildFile; fileRef = 9284E73425FAC9D6003E10AD /* AppDelegate.swift */; };
		9284E73725FAC9D6003E10AD /* SceneDelegate.swift in Sources */ = {isa = PBXBuildFile; fileRef = 9284E73625FAC9D6003E10AD /* SceneDelegate.swift */; };
		9284E73925FAC9D6003E10AD /* ContentView.swift in Sources */ = {isa = PBXBuildFile; fileRef = 9284E73825FAC9D6003E10AD /* ContentView.swift */; };
		9284E73B25FAC9D8003E10AD /* Assets.xcassets in Resources */ = {isa = PBXBuildFile; fileRef = 9284E73A25FAC9D8003E10AD /* Assets.xcassets */; };
		9284E73E25FAC9D8003E10AD /* Preview Assets.xcassets in Resources */ = {isa = PBXBuildFile; fileRef = 9284E73D25FAC9D8003E10AD /* Preview Assets.xcassets */; };
		9284E74125FAC9D8003E10AD /* LaunchScreen.storyboard in Resources */ = {isa = PBXBuildFile; fileRef = 9284E73F25FAC9D8003E10AD /* LaunchScreen.storyboard */; };
/* End PBXBuildFile section */

/* Begin PBXFileReference section */
		9284E73125FAC9D6003E10AD /* Covid-19 Stats.app */ = {isa = PBXFileReference; explicitFileType = wrapper.application; includeInIndex = 0; path = "Covid-19 Stats.app"; sourceTree = BUILT_PRODUCTS_DIR; };
		9284E73425FAC9D6003E10AD /* AppDelegate.swift */ = {isa = PBXFileReference; lastKnownFileType = sourcecode.swift; path = AppDelegate.swift; sourceTree = "<group>"; };
		9284E73625FAC9D6003E10AD /* SceneDelegate.swift */ = {isa = PBXFileReference; lastKnownFileType = sourcecode.swift; path = SceneDelegate.swift; sourceTree = "<group>"; };
		9284E73825FAC9D6003E10AD /* ContentView.swift */ = {isa = PBXFileReference; lastKnownFileType = sourcecode.swift; path = ContentView.swift; sourceTree = "<group>"; };
		9284E73A25FAC9D8003E10AD /* Assets.xcassets */ = {isa = PBXFileReference; lastKnownFileType = folder.assetcatalog; path = Assets.xcassets; sourceTree = "<group>"; };
		9284E73D25FAC9D8003E10AD /* Preview Assets.xcassets */ = {isa = PBXFileReference; lastKnownFileType = folder.assetcatalog; path = "Preview Assets.xcassets"; sourceTree = "<group>"; };
		9284E74025FAC9D8003E10AD /* Base */ = {isa = PBXFileReference; lastKnownFileType = file.storyboard; name = Base; path = Base.lproj/LaunchScreen.storyboard; sourceTree = "<group>"; };
		9284E74225FAC9D8003E10AD /* Info.plist */ = {isa = PBXFileReference; lastKnownFileType = text.plist.xml; path = Info.plist; sourceTree = "<group>"; };
/* End PBXFileReference section */

/* Begin PBXFrameworksBuildPhase section */
		9284E72E25FAC9D6003E10AD /* Frameworks */ = {
			isa = PBXFrameworksBuildPhase;
			buildActionMask = 2147483647;
			files = (
			);
			runOnlyForDeploymentPostprocessing = 0;
		};
/* End PBXFrameworksBuildPhase section */

/* Begin PBXGroup section */
		9284E72825FAC9D6003E10AD = {
			isa = PBXGroup;
			children = (
				9284E73325FAC9D6003E10AD /* Covid-19 Stats */,
				9284E73225FAC9D6003E10AD /* Products */,
			);
			sourceTree = "<group>";
		};
		9284E73225FAC9D6003E10AD /* Products */ = {
			isa = PBXGroup;
			children = (
				9284E73125FAC9D6003E10AD /* Covid-19 Stats.app */,
			);
			name = Products;
			sourceTree = "<group>";
		};
		9284E73325FAC9D6003E10AD /* Covid-19 Stats */ = {
			isa = PBXGroup;
			children = (
				9284E73425FAC9D6003E10AD /* AppDelegate.swift */,
				9284E73625FAC9D6003E10AD /* SceneDelegate.swift */,
				9284E73825FAC9D6003E10AD /* ContentView.swift */,
				9284E73A25FAC9D8003E10AD /* Assets.xcassets */,
				9284E73F25FAC9D8003E10AD /* LaunchScreen.storyboard */,
				9284E74225FAC9D8003E10AD /* Info.plist */,
				9284E73C25FAC9D8003E10AD /* Preview Content */,
			);
			path = "Covid-19 Stats";
			sourceTree = "<group>";
		};
		9284E73C25FAC9D8003E10AD /* Preview Content */ = {
			isa = PBXGroup;
			children = (
				9284E73D25FAC9D8003E10AD /* Preview Assets.xcassets */,
			);
			path = "Preview Content";
			sourceTree = "<group>";
		};
/* End PBXGroup section */

/* Begin PBXNativeTarget section */
		9284E73025FAC9D6003E10AD /* Covid-19 Stats */ = {
			isa = PBXNativeTarget;
			buildConfigurationList = 9284E74525FAC9D8003E10AD /* Build configuration list for PBXNativeTarget "Covid-19 Stats" */;
			buildPhases = (
				9284E72D25FAC9D6003E10AD /* Sources */,
				9284E72E25FAC9D6003E10AD /* Frameworks */,
				9284E72F25FAC9D6003E10AD /* Resources */,
			);
			buildRules = (
			);
			dependencies = (
			);
			name = "Covid-19 Stats";
			productName = "Covid-19 Stats";
			productReference = 9284E73125FAC9D6003E10AD /* Covid-19 Stats.app */;
			productType = "com.apple.product-type.application";
		};
/* End PBXNativeTarget section */

/* Begin PBXProject section */
		9284E72925FAC9D6003E10AD /* Project object */ = {
			isa = PBXProject;
			attributes = {
				LastSwiftUpdateCheck = 1170;
				LastUpgradeCheck = 1170;
				ORGANIZATIONNAME = "Jerry Lai";
				TargetAttributes = {
					9284E73025FAC9D6003E10AD = {
						CreatedOnToolsVersion = 11.7;
					};
				};
			};
			buildConfigurationList = 9284E72C25FAC9D6003E10AD /* Build configuration list for PBXProject "Covid-19 Stats" */;
			compatibilityVersion = "Xcode 9.3";
			developmentRegion = en;
			hasScannedForEncodings = 0;
			knownRegions = (
				en,
				Base,
			);
			mainGroup = 9284E72825FAC9D6003E10AD;
			productRefGroup = 9284E73225FAC9D6003E10AD /* Products */;
			projectDirPath = "";
			projectRoot = "";
			targets = (
				9284E73025FAC9D6003E10AD /* Covid-19 Stats */,
			);
		};
/* End PBXProject section */

/* Begin PBXResourcesBuildPhase section */
		9284E72F25FAC9D6003E10AD /* Resources */ = {
			isa = PBXResourcesBuildPhase;
			buildActionMask = 2147483647;
			files = (
				9284E74125FAC9D8003E10AD /* LaunchScreen.storyboard in Resources */,
				9284E73E25FAC9D8003E10AD /* Preview Assets.xcassets in Resources */,
				9284E73B25FAC9D8003E10AD /* Assets.xcassets in Resources */,
			);
			runOnlyForDeploymentPostprocessing = 0;
		};
/* End PBXResourcesBuildPhase section */

/* Begin PBXSourcesBuildPhase section */
		9284E72D25FAC9D6003E10AD /* Sources */ = {
			isa = PBXSourcesBuildPhase;
			buildActionMask = 2147483647;
			files = (
				9284E73525FAC9D6003E10AD /* AppDelegate.swift in Sources */,
				9284E73725FAC9D6003E10AD /* SceneDelegate.swift in Sources */,
				9284E73925FAC9D6003E10AD /* ContentView.swift in Sources */,
			);
			runOnlyForDeploymentPostprocessing = 0;
		};
/* End PBXSourcesBuildPhase section */

/* Begin PBXVariantGroup section */
		9284E73F25FAC9D8003E10AD /* LaunchScreen.storyboard */ = {
			isa = PBXVariantGroup;
			children = (
				9284E74025FAC9D8003E10AD /* Base */,
			);
			name = LaunchScreen.storyboard;
			sourceTree = "<group>";
		};
/* End PBXVariantGroup section */

/* Begin XCBuildConfiguration section */
		9284E74325FAC9D8003E10AD /* Debug */ = {
			isa = XCBuildConfiguration;
			buildSettings = {
				ALWAYS_SEARCH_USER_PATHS = NO;
				CLANG_ANALYZER_NONNULL = YES;
				CLANG_ANALYZER_NUMBER_OBJECT_CONVERSION = YES_AGGRESSIVE;
				CLANG_CXX_LANGUAGE_STANDARD = "gnu++14";
				CLANG_CXX_LIBRARY = "libc++";
				CLANG_ENABLE_MODULES = YES;
				CLANG_ENABLE_OBJC_ARC = YES;
				CLANG_ENABLE_OBJC_WEAK = YES;
				CLANG_WARN_BLOCK_CAPTURE_AUTORELEASING = YES;
				CLANG_WARN_BOOL_CONVERSION = YES;
				CLANG_WARN_COMMA = YES;
				CLANG_WARN_CONSTANT_CONVERSION = YES;
				CLANG_WARN_DEPRECATED_OBJC_IMPLEMENTATIONS = YES;
				CLANG_WARN_DIRECT_OBJC_ISA_USAGE = YES_ERROR;
				CLANG_WARN_DOCUMENTATION_COMMENTS = YES;
				CLANG_WARN_EMPTY_BODY = YES;
				CLANG_WARN_ENUM_CONVERSION = YES;
				CLANG_WARN_INFINITE_RECURSION = YES;
				CLANG_WARN_INT_CONVERSION = YES;
				CLANG_WARN_NON_LITERAL_NULL_CONVERSION = YES;
				CLANG_WARN_OBJC_IMPLICIT_RETAIN_SELF = YES;
				CLANG_WARN_OBJC_LITERAL_CONVERSION = YES;
				CLANG_WARN_OBJC_ROOT_CLASS = YES_ERROR;
				CLANG_WARN_RANGE_LOOP_ANALYSIS = YES;
				CLANG_WARN_STRICT_PROTOTYPES = YES;
				CLANG_WARN_SUSPICIOUS_MOVE = YES;
				CLANG_WARN_UNGUARDED_AVAILABILITY = YES_AGGRESSIVE;
				CLANG_WARN_UNREACHABLE_CODE = YES;
				CLANG_WARN__DUPLICATE_METHOD_MATCH = YES;
				COPY_PHASE_STRIP = NO;
				DEBUG_INFORMATION_FORMAT = dwarf;
				ENABLE_STRICT_OBJC_MSGSEND = YES;
				ENABLE_TESTABILITY = YES;
				GCC_C_LANGUAGE_STANDARD = gnu11;
				GCC_DYNAMIC_NO_PIC = NO;
				GCC_NO_COMMON_BLOCKS = YES;
				GCC_OPTIMIZATION_LEVEL = 0;
				GCC_PREPROCESSOR_DEFINITIONS = (
					"DEBUG=1",
					"$(inherited)",
				);
				GCC_WARN_64_TO_32_BIT_CONVERSION = YES;
				GCC_WARN_ABOUT_RETURN_TYPE = YES_ERROR;
				GCC_WARN_UNDECLARED_SELECTOR = YES;
				GCC_WARN_UNINITIALIZED_AUTOS = YES_AGGRESSIVE;
				GCC_WARN_UNUSED_FUNCTION = YES;
				GCC_WARN_UNUSED_VARIABLE = YES;
				IPHONEOS_DEPLOYMENT_TARGET = 13.7;
				MTL_ENABLE_DEBUG_INFO = INCLUDE_SOURCE;
				MTL_FAST_MATH = YES;
				ONLY_ACTIVE_ARCH = YES;
				SDKROOT = iphoneos;
				SWIFT_ACTIVE_COMPILATION_CONDITIONS = DEBUG;
				SWIFT_OPTIMIZATION_LEVEL = "-Onone";
			};
			name = Debug;
		};
		9284E74425FAC9D8003E10AD /* Release */ = {
			isa = XCBuildConfiguration;
			buildSettings = {
				ALWAYS_SEARCH_USER_PATHS = NO;
				CLANG_ANALYZER_NONNULL = YES;
				CLANG_ANALYZER_NUMBER_OBJECT_CONVERSION = YES_AGGRESSIVE;
				CLANG_CXX_LANGUAGE_STANDARD = "gnu++14";
				CLANG_CXX_LIBRARY = "libc++";
				CLANG_ENABLE_MODULES = YES;
				CLANG_ENABLE_OBJC_ARC = YES;
				CLANG_ENABLE_OBJC_WEAK = YES;
				CLANG_WARN_BLOCK_CAPTURE_AUTORELEASING = YES;
				CLANG_WARN_BOOL_CONVERSION = YES;
				CLANG_WARN_COMMA = YES;
				CLANG_WARN_CONSTANT_CONVERSION = YES;
				CLANG_WARN_DEPRECATED_OBJC_IMPLEMENTATIONS = YES;
				CLANG_WARN_DIRECT_OBJC_ISA_USAGE = YES_ERROR;
				CLANG_WARN_DOCUMENTATION_COMMENTS = YES;
				CLANG_WARN_EMPTY_BODY = YES;
				CLANG_WARN_ENUM_CONVERSION = YES;
				CLANG_WARN_INFINITE_RECURSION = YES;
				CLANG_WARN_INT_CONVERSION = YES;
				CLANG_WARN_NON_LITERAL_NULL_CONVERSION = YES;
				CLANG_WARN_OBJC_IMPLICIT_RETAIN_SELF = YES;
				CLANG_WARN_OBJC_LITERAL_CONVERSION = YES;
				CLANG_WARN_OBJC_ROOT_CLASS = YES_ERROR;
				CLANG_WARN_RANGE_LOOP_ANALYSIS = YES;
				CLANG_WARN_STRICT_PROTOTYPES = YES;
				CLANG_WARN_SUSPICIOUS_MOVE = YES;
				CLANG_WARN_UNGUARDED_AVAILABILITY = YES_AGGRESSIVE;
				CLANG_WARN_UNREACHABLE_CODE = YES;
				CLANG_WARN__DUPLICATE_METHOD_MATCH = YES;
				COPY_PHASE_STRIP = NO;
				DEBUG_INFORMATION_FORMAT = "dwarf-with-dsym";
				ENABLE_NS_ASSERTIONS = NO;
				ENABLE_STRICT_OBJC_MSGSEND = YES;
				GCC_C_LANGUAGE_STANDARD = gnu11;
				GCC_NO_COMMON_BLOCKS = YES;
				GCC_WARN_64_TO_32_BIT_CONVERSION = YES;
				GCC_WARN_ABOUT_RETURN_TYPE = YES_ERROR;
				GCC_WARN_UNDECLARED_SELECTOR = YES;
				GCC_WARN_UNINITIALIZED_AUTOS = YES_AGGRESSIVE;
				GCC_WARN_UNUSED_FUNCTION = YES;
				GCC_WARN_UNUSED_VARIABLE = YES;
				IPHONEOS_DEPLOYMENT_TARGET = 13.7;
				MTL_ENABLE_DEBUG_INFO = NO;
				MTL_FAST_MATH = YES;
				SDKROOT = iphoneos;
				SWIFT_COMPILATION_MODE = wholemodule;
				SWIFT_OPTIMIZATION_LEVEL = "-O";
				VALIDATE_PRODUCT = YES;
			};
			name = Release;
		};
		9284E74625FAC9D8003E10AD /* Debug */ = {
			isa = XCBuildConfiguration;
			buildSettings = {
				ASSETCATALOG_COMPILER_APPICON_NAME = AppIcon;
				CODE_SIGN_STYLE = Automatic;
				DEVELOPMENT_ASSET_PATHS = "\"Covid-19 Stats/Preview Content\"";
				DEVELOPMENT_TEAM = 8L83CZ8839;
				ENABLE_PREVIEWS = YES;
				INFOPLIST_FILE = "Covid-19 Stats/Info.plist";
				LD_RUNPATH_SEARCH_PATHS = (
					"$(inherited)",
					"@executable_path/Frameworks",
				);
				PRODUCT_BUNDLE_IDENTIFIER = "jerry-lai.Covid-19-Stats";
				PRODUCT_NAME = "$(TARGET_NAME)";
				SWIFT_VERSION = 5.0;
				TARGETED_DEVICE_FAMILY = "1,2";
			};
			name = Debug;
		};
		9284E74725FAC9D8003E10AD /* Release */ = {
			isa = XCBuildConfiguration;
			buildSettings = {
				ASSETCATALOG_COMPILER_APPICON_NAME = AppIcon;
				CODE_SIGN_STYLE = Automatic;
				DEVELOPMENT_ASSET_PATHS = "\"Covid-19 Stats/Preview Content\"";
				DEVELOPMENT_TEAM = 8L83CZ8839;
				ENABLE_PREVIEWS = YES;
				INFOPLIST_FILE = "Covid-19 Stats/Info.plist";
				LD_RUNPATH_SEARCH_PATHS = (
					"$(inherited)",
					"@executable_path/Frameworks",
				);
				PRODUCT_BUNDLE_IDENTIFIER = "jerry-lai.Covid-19-Stats";
				PRODUCT_NAME = "$(TARGET_NAME)";
				SWIFT_VERSION = 5.0;
				TARGETED_DEVICE_FAMILY = "1,2";
			};
			name = Release;
		};
/* End XCBuildConfiguration section */

/* Begin XCConfigurationList section */
		9284E72C25FAC9D6003E10AD /* Build configuration list for PBXProject "Covid-19 Stats" */ = {
			isa = XCConfigurationList;
			buildConfigurations = (
				9284E74325FAC9D8003E10AD /* Debug */,
				9284E74425FAC9D8003E10AD /* Release */,
			);
			defaultConfigurationIsVisible = 0;
			defaultConfigurationName = Release;
		};
		9284E74525FAC9D8003E10AD /* Build configuration list for PBXNativeTarget "Covid-19 Stats" */ = {
			isa = XCConfigurationList;
			buildConfigurations = (
				9284E74625FAC9D8003E10AD /* Debug */,
				9284E74725FAC9D8003E10AD /* Release */,
			);
			defaultConfigurationIsVisible = 0;
			defaultConfigurationName = Release;
		};
/* End XCConfigurationList section */
	};
	rootObject = 9284E72925FAC9D6003E10AD /* Project object */;
}
